
Microsoft Visual Studio Solution File, Format Version 12.00
# Visual Studio Version 16
VisualStudioVersion = 16.0.30503.244
MinimumVisualStudioVersion = 10.0.40219.1
Project("{8BC9CEB8-8B4A-11D0-8D11-00A0C91BC942}") = "RayTrace", "RayTrace.vcxproj", "{B22DF48E-7F6E-4B80-B503-DB9C5BD8220A}"
EndProject
Global
	GlobalSection(SolutionConfigurationPlatforms) = preSolution
		Debug|x64 = Debug|x64
		Debug|x86 = Debug|x86
		Release|x64 = Release|x64
		Release|x86 = Release|x86
	EndGlobalSection
	GlobalSection(ProjectConfigurationPlatforms) = postSolution
		{B22DF48E-7F6E-4B80-B503-DB9C5BD8220A}.Debug|x64.ActiveCfg = Debug|x64
		{B22DF48E-7F6E-4B80-B503-DB9C5BD8220A}.Debug|x64.Build.0 = Debug|x64
		{B22DF48E-7F6E-4B80-B503-DB9C5BD8220A}.Debug|x86.ActiveCfg = Debug|Win32
		{B22DF48E-7F6E-4B80-B503-DB9C5BD8220A}.Debug|x86.Build.0 = Debug|Win32
		{B22DF48E-7F6E-4B80-B503-DB9C5BD8220A}.Release|x64.ActiveCfg = Release|x64
		{B22DF48E-7F6E-4B80-B503-DB9C5BD8220A}.Release|x64.Build.0 = Release|x64
		{B22DF48E-7F6E-4B80-B503-DB9C5BD8220A}.Release|x86.ActiveCfg = Release|Win32
		{B22DF48E-7F6E-4B80-B503-DB9C5BD8220A}.Release|x86.Build.0 = Release|Win32
	EndGlobalSection
	GlobalSection(SolutionProperties) = preSolution
		HideSolutionNode = FALSE
	EndGlobalSection
	GlobalSection(ExtensibilityGlobals) = postSolution
		SolutionGuid = {B0730B9A-0FC0-4AE4-BC0E-CB5F8461A5F5}
	EndGlobalSection
EndGlobal
